
Microsoft Visual Studio Solution File, Format Version 12.00
# Visual Studio Version 17
VisualStudioVersion = 17.5.33516.290
MinimumVisualStudioVersion = 10.0.40219.1
Project("{8BC9CEB8-8B4A-11D0-8D11-00A0C91BC942}") = "SomeLibrary", "SomeLibrary\SomeLibrary.vcxproj", "{1886C540-705A-4E15-968F-42435053876C}"
EndProject
Project("{8BC9CEB8-8B4A-11D0-8D11-00A0C91BC942}") = "SomeClient", "SomeClient\SomeClient.vcxproj", "{5E997F9D-FF29-4471-BED4-A45392E043DB}"
EndProject
Global
	GlobalSection(SolutionConfigurationPlatforms) = preSolution
		Debug|x86 = Debug|x86
		Release|x86 = Release|x86
	EndGlobalSection
	GlobalSection(ProjectConfigurationPlatforms) = postSolution
		{1886C540-705A-4E15-968F-42435053876C}.Debug|x86.ActiveCfg = Debug|Win32
		{1886C540-705A-4E15-968F-42435053876C}.Debug|x86.Build.0 = Debug|Win32
		{1886C540-705A-4E15-968F-42435053876C}.Release|x86.ActiveCfg = Release|Win32
		{1886C540-705A-4E15-968F-42435053876C}.Release|x86.Build.0 = Release|Win32
		{5E997F9D-FF29-4471-BED4-A45392E043DB}.Debug|x86.ActiveCfg = Debug|Win32
		{5E997F9D-FF29-4471-BED4-A45392E043DB}.Debug|x86.Build.0 = Debug|Win32
		{5E997F9D-FF29-4471-BED4-A45392E043DB}.Release|x86.ActiveCfg = Release|Win32
		{5E997F9D-FF29-4471-BED4-A45392E043DB}.Release|x86.Build.0 = Release|Win32
	EndGlobalSection
	GlobalSection(SolutionProperties) = preSolution
		HideSolutionNode = FALSE
	EndGlobalSection
	GlobalSection(ExtensibilityGlobals) = postSolution
		SolutionGuid = {7E2847D7-168E-41A8-B909-1099C5009ADE}
	EndGlobalSection
EndGlobal
